
Microsoft Visual Studio Solution File, Format Version 12.00
# Visual Studio 15
VisualStudioVersion = 15.0.26124.0
MinimumVisualStudioVersion = 15.0.26124.0
Project("{2150E333-8FDC-42A3-9474-1A3956D46DE8}") = "src", "src", "{6112DA14-9A06-4F5A-A09D-BEDEC6A32021}"
EndProject
Project("{FAE04EC0-301F-11D3-BF4B-00C04F79EFBC}") = "Pastdev.Dotnet.Xunit.Math", "src\Pastdev.Dotnet.Xunit.Math\Pastdev.Dotnet.Xunit.Math.csproj", "{D8152E7F-D6F1-4C3D-BE3E-4522C6554B6B}"
EndProject
Project("{2150E333-8FDC-42A3-9474-1A3956D46DE8}") = "test", "test", "{EEC9802E-BD82-408A-8E18-6F1BD9546774}"
EndProject
Project("{FAE04EC0-301F-11D3-BF4B-00C04F79EFBC}") = "Pastdev.Dotnet.Xunit.Math.Test", "test\Pastdev.Dotnet.Xunit.Math.Test\Pastdev.Dotnet.Xunit.Math.Test.csproj", "{44C988AB-B8E9-4D6C-B43B-423D08CF161B}"
EndProject
Project("{FAE04EC0-301F-11D3-BF4B-00C04F79EFBC}") = "Pastdev.Dotnet.Xunit.Math.IntegrationTest", "test\Pastdev.Dotnet.Xunit.Math.IntegrationTest\Pastdev.Dotnet.Xunit.Math.IntegrationTest.csproj", "{5A11B86E-554D-4B23-AD4A-D449284459CD}"
EndProject
Project("{FAE04EC0-301F-11D3-BF4B-00C04F79EFBC}") = "Pastdev.Dotnet.Xunit.Command", "src\Pastdev.Dotnet.Xunit.Command\Pastdev.Dotnet.Xunit.Command.csproj", "{1123C2BB-414B-45DC-ABB9-0FF6A88D2C8E}"
EndProject
Global
	GlobalSection(SolutionConfigurationPlatforms) = preSolution
		Debug|Any CPU = Debug|Any CPU
		Debug|x64 = Debug|x64
		Debug|x86 = Debug|x86
		Release|Any CPU = Release|Any CPU
		Release|x64 = Release|x64
		Release|x86 = Release|x86
	EndGlobalSection
	GlobalSection(SolutionProperties) = preSolution
		HideSolutionNode = FALSE
	EndGlobalSection
	GlobalSection(ProjectConfigurationPlatforms) = postSolution
		{D8152E7F-D6F1-4C3D-BE3E-4522C6554B6B}.Debug|Any CPU.ActiveCfg = Debug|Any CPU
		{D8152E7F-D6F1-4C3D-BE3E-4522C6554B6B}.Debug|Any CPU.Build.0 = Debug|Any CPU
		{D8152E7F-D6F1-4C3D-BE3E-4522C6554B6B}.Debug|x64.ActiveCfg = Debug|Any CPU
		{D8152E7F-D6F1-4C3D-BE3E-4522C6554B6B}.Debug|x64.Build.0 = Debug|Any CPU
		{D8152E7F-D6F1-4C3D-BE3E-4522C6554B6B}.Debug|x86.ActiveCfg = Debug|Any CPU
		{D8152E7F-D6F1-4C3D-BE3E-4522C6554B6B}.Debug|x86.Build.0 = Debug|Any CPU
		{D8152E7F-D6F1-4C3D-BE3E-4522C6554B6B}.Release|Any CPU.ActiveCfg = Release|Any CPU
		{D8152E7F-D6F1-4C3D-BE3E-4522C6554B6B}.Release|Any CPU.Build.0 = Release|Any CPU
		{D8152E7F-D6F1-4C3D-BE3E-4522C6554B6B}.Release|x64.ActiveCfg = Release|Any CPU
		{D8152E7F-D6F1-4C3D-BE3E-4522C6554B6B}.Release|x64.Build.0 = Release|Any CPU
		{D8152E7F-D6F1-4C3D-BE3E-4522C6554B6B}.Release|x86.ActiveCfg = Release|Any CPU
		{D8152E7F-D6F1-4C3D-BE3E-4522C6554B6B}.Release|x86.Build.0 = Release|Any CPU
		{44C988AB-B8E9-4D6C-B43B-423D08CF161B}.Debug|Any CPU.ActiveCfg = Debug|Any CPU
		{44C988AB-B8E9-4D6C-B43B-423D08CF161B}.Debug|Any CPU.Build.0 = Debug|Any CPU
		{44C988AB-B8E9-4D6C-B43B-423D08CF161B}.Debug|x64.ActiveCfg = Debug|Any CPU
		{44C988AB-B8E9-4D6C-B43B-423D08CF161B}.Debug|x64.Build.0 = Debug|Any CPU
		{44C988AB-B8E9-4D6C-B43B-423D08CF161B}.Debug|x86.ActiveCfg = Debug|Any CPU
		{44C988AB-B8E9-4D6C-B43B-423D08CF161B}.Debug|x86.Build.0 = Debug|Any CPU
		{44C988AB-B8E9-4D6C-B43B-423D08CF161B}.Release|Any CPU.ActiveCfg = Release|Any CPU
		{44C988AB-B8E9-4D6C-B43B-423D08CF161B}.Release|Any CPU.Build.0 = Release|Any CPU
		{44C988AB-B8E9-4D6C-B43B-423D08CF161B}.Release|x64.ActiveCfg = Release|Any CPU
		{44C988AB-B8E9-4D6C-B43B-423D08CF161B}.Release|x64.Build.0 = Release|Any CPU
		{44C988AB-B8E9-4D6C-B43B-423D08CF161B}.Release|x86.ActiveCfg = Release|Any CPU
		{44C988AB-B8E9-4D6C-B43B-423D08CF161B}.Release|x86.Build.0 = Release|Any CPU
		{5A11B86E-554D-4B23-AD4A-D449284459CD}.Debug|Any CPU.ActiveCfg = Debug|Any CPU
		{5A11B86E-554D-4B23-AD4A-D449284459CD}.Debug|Any CPU.Build.0 = Debug|Any CPU
		{5A11B86E-554D-4B23-AD4A-D449284459CD}.Debug|x64.ActiveCfg = Debug|Any CPU
		{5A11B86E-554D-4B23-AD4A-D449284459CD}.Debug|x64.Build.0 = Debug|Any CPU
		{5A11B86E-554D-4B23-AD4A-D449284459CD}.Debug|x86.ActiveCfg = Debug|Any CPU
		{5A11B86E-554D-4B23-AD4A-D449284459CD}.Debug|x86.Build.0 = Debug|Any CPU
		{5A11B86E-554D-4B23-AD4A-D449284459CD}.Release|Any CPU.ActiveCfg = Release|Any CPU
		{5A11B86E-554D-4B23-AD4A-D449284459CD}.Release|Any CPU.Build.0 = Release|Any CPU
		{5A11B86E-554D-4B23-AD4A-D449284459CD}.Release|x64.ActiveCfg = Release|Any CPU
		{5A11B86E-554D-4B23-AD4A-D449284459CD}.Release|x64.Build.0 = Release|Any CPU
		{5A11B86E-554D-4B23-AD4A-D449284459CD}.Release|x86.ActiveCfg = Release|Any CPU
		{5A11B86E-554D-4B23-AD4A-D449284459CD}.Release|x86.Build.0 = Release|Any CPU
		{1123C2BB-414B-45DC-ABB9-0FF6A88D2C8E}.Debug|Any CPU.ActiveCfg = Debug|Any CPU
		{1123C2BB-414B-45DC-ABB9-0FF6A88D2C8E}.Debug|Any CPU.Build.0 = Debug|Any CPU
		{1123C2BB-414B-45DC-ABB9-0FF6A88D2C8E}.Debug|x64.ActiveCfg = Debug|Any CPU
		{1123C2BB-414B-45DC-ABB9-0FF6A88D2C8E}.Debug|x64.Build.0 = Debug|Any CPU
		{1123C2BB-414B-45DC-ABB9-0FF6A88D2C8E}.Debug|x86.ActiveCfg = Debug|Any CPU
		{1123C2BB-414B-45DC-ABB9-0FF6A88D2C8E}.Debug|x86.Build.0 = Debug|Any CPU
		{1123C2BB-414B-45DC-ABB9-0FF6A88D2C8E}.Release|Any CPU.ActiveCfg = Release|Any CPU
		{1123C2BB-414B-45DC-ABB9-0FF6A88D2C8E}.Release|Any CPU.Build.0 = Release|Any CPU
		{1123C2BB-414B-45DC-ABB9-0FF6A88D2C8E}.Release|x64.ActiveCfg = Release|Any CPU
		{1123C2BB-414B-45DC-ABB9-0FF6A88D2C8E}.Release|x64.Build.0 = Release|Any CPU
		{1123C2BB-414B-45DC-ABB9-0FF6A88D2C8E}.Release|x86.ActiveCfg = Release|Any CPU
		{1123C2BB-414B-45DC-ABB9-0FF6A88D2C8E}.Release|x86.Build.0 = Release|Any CPU
	EndGlobalSection
	GlobalSection(NestedProjects) = preSolution
		{D8152E7F-D6F1-4C3D-BE3E-4522C6554B6B} = {6112DA14-9A06-4F5A-A09D-BEDEC6A32021}
		{44C988AB-B8E9-4D6C-B43B-423D08CF161B} = {EEC9802E-BD82-408A-8E18-6F1BD9546774}
		{5A11B86E-554D-4B23-AD4A-D449284459CD} = {EEC9802E-BD82-408A-8E18-6F1BD9546774}
		{1123C2BB-414B-45DC-ABB9-0FF6A88D2C8E} = {6112DA14-9A06-4F5A-A09D-BEDEC6A32021}
	EndGlobalSection
EndGlobal
